<Solution>
  <Project Path="Models/Models.csproj" Id="3ec9a8d8-c257-4dd6-9924-508be2283f74" />
  <Project Path="ServiceContracts/ServiceContracts.csproj" Id="aedd4323-160d-4d5c-bb29-d611de3b555f" />
  <Project Path="Services/Services.csproj" Id="698491b4-337f-438e-9309-18ce6c73a7aa" />
  <Project Path="Weather App/Weather App.csproj" />
</Solution>
